
Microsoft Visual Studio Solution File, Format Version 12.00
# Visual Studio 15
VisualStudioVersion = 15.0.27428.2037
MinimumVisualStudioVersion = 10.0.40219.1
Project("{FAE04EC0-301F-11D3-BF4B-00C04F79EFBC}") = "Ducks", "Ducks\Ducks.csproj", "{178C40BA-8790-421B-B540-A06AAD3BEF9C}"
EndProject
Global
	GlobalSection(SolutionConfigurationPlatforms) = preSolution
		Debug|Any CPU = Debug|Any CPU
		Release|Any CPU = Release|Any CPU
	EndGlobalSection
	GlobalSection(ProjectConfigurationPlatforms) = postSolution
		{178C40BA-8790-421B-B540-A06AAD3BEF9C}.Debug|Any CPU.ActiveCfg = Debug|Any CPU
		{178C40BA-8790-421B-B540-A06AAD3BEF9C}.Debug|Any CPU.Build.0 = Debug|Any CPU
		{178C40BA-8790-421B-B540-A06AAD3BEF9C}.Release|Any CPU.ActiveCfg = Release|Any CPU
		{178C40BA-8790-421B-B540-A06AAD3BEF9C}.Release|Any CPU.Build.0 = Release|Any CPU
	EndGlobalSection
	GlobalSection(SolutionProperties) = preSolution
		HideSolutionNode = FALSE
	EndGlobalSection
	GlobalSection(ExtensibilityGlobals) = postSolution
		SolutionGuid = {6AB0AE1A-C9F0-4DCE-AAFE-AC621E8C29BF}
	EndGlobalSection
EndGlobal
